// !$*UTF8*$!
{
	archiveVersion = 1;
	classes = {
	};
	objectVersion = 50;
	objects = {

/* Begin PBXBuildFile section */
		2B87AC9926E6BEBA003F6B9A /* DataController.swift in Sources */ = {isa = PBXBuildFile; fileRef = 2B87AC9826E6BEBA003F6B9A /* DataController.swift */; };
		2B87AC9B26E6C3C9003F6B9A /* CityWeatherResponse.swift in Sources */ = {isa = PBXBuildFile; fileRef = 2B87AC9A26E6C3C9003F6B9A /* CityWeatherResponse.swift */; };
		2B87AC9E26E6C6E9003F6B9A /* WeatherDataModel.xcdatamodeld in Sources */ = {isa = PBXBuildFile; fileRef = 2B87AC9C26E6C6E9003F6B9A /* WeatherDataModel.xcdatamodeld */; };
		2BAE298B26E5C3CF00C644E5 /* AppDelegate.swift in Sources */ = {isa = PBXBuildFile; fileRef = 2BAE298A26E5C3CF00C644E5 /* AppDelegate.swift */; };
		2BAE298D26E5C3CF00C644E5 /* SceneDelegate.swift in Sources */ = {isa = PBXBuildFile; fileRef = 2BAE298C26E5C3CF00C644E5 /* SceneDelegate.swift */; };
		2BAE298F26E5C3CF00C644E5 /* InitialViewController.swift in Sources */ = {isa = PBXBuildFile; fileRef = 2BAE298E26E5C3CF00C644E5 /* InitialViewController.swift */; };
		2BAE299226E5C3CF00C644E5 /* Main.storyboard in Resources */ = {isa = PBXBuildFile; fileRef = 2BAE299026E5C3CF00C644E5 /* Main.storyboard */; };
		2BAE299426E5C3CF00C644E5 /* Assets.xcassets in Resources */ = {isa = PBXBuildFile; fileRef = 2BAE299326E5C3CF00C644E5 /* Assets.xcassets */; };
		2BAE299726E5C3CF00C644E5 /* LaunchScreen.storyboard in Resources */ = {isa = PBXBuildFile; fileRef = 2BAE299526E5C3CF00C644E5 /* LaunchScreen.storyboard */; };
		2BAE29A026E5C6E500C644E5 /* SearchViewController.swift in Sources */ = {isa = PBXBuildFile; fileRef = 2BAE299F26E5C6E500C644E5 /* SearchViewController.swift */; };
		2BAE29A226E5C72F00C644E5 /* DetailViewController.swift in Sources */ = {isa = PBXBuildFile; fileRef = 2BAE29A126E5C72F00C644E5 /* DetailViewController.swift */; };
		2BAE29A726E5CAE600C644E5 /* Service.swift in Sources */ = {isa = PBXBuildFile; fileRef = 2BAE29A626E5CAE600C644E5 /* Service.swift */; };
		2BF6A40F26EEEAB700FB33C5 /* CityDataSource.swift in Sources */ = {isa = PBXBuildFile; fileRef = 2BF6A40E26EEEAB700FB33C5 /* CityDataSource.swift */; };
/* End PBXBuildFile section */

/* Begin PBXFileReference section */
		2B87AC9826E6BEBA003F6B9A /* DataController.swift */ = {isa = PBXFileReference; lastKnownFileType = sourcecode.swift; path = DataController.swift; sourceTree = "<group>"; };
		2B87AC9A26E6C3C9003F6B9A /* CityWeatherResponse.swift */ = {isa = PBXFileReference; lastKnownFileType = sourcecode.swift; path = CityWeatherResponse.swift; sourceTree = "<group>"; };
		2B87AC9D26E6C6E9003F6B9A /* WeatherDataModel.xcdatamodel */ = {isa = PBXFileReference; lastKnownFileType = wrapper.xcdatamodel; path = WeatherDataModel.xcdatamodel; sourceTree = "<group>"; };
		2BAE298726E5C3CF00C644E5 /* Weather Forecast.app */ = {isa = PBXFileReference; explicitFileType = wrapper.application; includeInIndex = 0; path = "Weather Forecast.app"; sourceTree = BUILT_PRODUCTS_DIR; };
		2BAE298A26E5C3CF00C644E5 /* AppDelegate.swift */ = {isa = PBXFileReference; lastKnownFileType = sourcecode.swift; path = AppDelegate.swift; sourceTree = "<group>"; };
		2BAE298C26E5C3CF00C644E5 /* SceneDelegate.swift */ = {isa = PBXFileReference; lastKnownFileType = sourcecode.swift; path = SceneDelegate.swift; sourceTree = "<group>"; };
		2BAE298E26E5C3CF00C644E5 /* InitialViewController.swift */ = {isa = PBXFileReference; lastKnownFileType = sourcecode.swift; path = InitialViewController.swift; sourceTree = "<group>"; };
		2BAE299126E5C3CF00C644E5 /* Base */ = {isa = PBXFileReference; lastKnownFileType = file.storyboard; name = Base; path = Base.lproj/Main.storyboard; sourceTree = "<group>"; };
		2BAE299326E5C3CF00C644E5 /* Assets.xcassets */ = {isa = PBXFileReference; lastKnownFileType = folder.assetcatalog; path = Assets.xcassets; sourceTree = "<group>"; };
		2BAE299626E5C3CF00C644E5 /* Base */ = {isa = PBXFileReference; lastKnownFileType = file.storyboard; name = Base; path = Base.lproj/LaunchScreen.storyboard; sourceTree = "<group>"; };
		2BAE299826E5C3CF00C644E5 /* Info.plist */ = {isa = PBXFileReference; lastKnownFileType = text.plist.xml; path = Info.plist; sourceTree = "<group>"; };
		2BAE299F26E5C6E500C644E5 /* SearchViewController.swift */ = {isa = PBXFileReference; lastKnownFileType = sourcecode.swift; path = SearchViewController.swift; sourceTree = SOURCE_ROOT; };
		2BAE29A126E5C72F00C644E5 /* DetailViewController.swift */ = {isa = PBXFileReference; lastKnownFileType = sourcecode.swift; path = DetailViewController.swift; sourceTree = "<group>"; };
		2BAE29A626E5CAE600C644E5 /* Service.swift */ = {isa = PBXFileReference; lastKnownFileType = sourcecode.swift; path = Service.swift; sourceTree = "<group>"; };
		2BF6A40E26EEEAB700FB33C5 /* CityDataSource.swift */ = {isa = PBXFileReference; lastKnownFileType = sourcecode.swift; path = CityDataSource.swift; sourceTree = "<group>"; };
/* End PBXFileReference section */

/* Begin PBXFrameworksBuildPhase section */
		2BAE298426E5C3CF00C644E5 /* Frameworks */ = {
			isa = PBXFrameworksBuildPhase;
			buildActionMask = 2147483647;
			files = (
			);
			runOnlyForDeploymentPostprocessing = 0;
		};
/* End PBXFrameworksBuildPhase section */

/* Begin PBXGroup section */
		2BAE297E26E5C3CF00C644E5 = {
			isa = PBXGroup;
			children = (
				2BAE298926E5C3CF00C644E5 /* Weather Forecast */,
				2BAE298826E5C3CF00C644E5 /* Products */,
			);
			sourceTree = "<group>";
		};
		2BAE298826E5C3CF00C644E5 /* Products */ = {
			isa = PBXGroup;
			children = (
				2BAE298726E5C3CF00C644E5 /* Weather Forecast.app */,
			);
			name = Products;
			sourceTree = "<group>";
		};
		2BAE298926E5C3CF00C644E5 /* Weather Forecast */ = {
			isa = PBXGroup;
			children = (
				2BAE298A26E5C3CF00C644E5 /* AppDelegate.swift */,
				2BAE298C26E5C3CF00C644E5 /* SceneDelegate.swift */,
				2BAE29A426E5CA9600C644E5 /* Model */,
				2BAE29A326E5CA6800C644E5 /* View */,
				2BAE299E26E5C66300C644E5 /* Controller */,
			);
			path = "Weather Forecast";
			sourceTree = "<group>";
		};
		2BAE299E26E5C66300C644E5 /* Controller */ = {
			isa = PBXGroup;
			children = (
				2BAE298E26E5C3CF00C644E5 /* InitialViewController.swift */,
				2BAE299F26E5C6E500C644E5 /* SearchViewController.swift */,
				2BAE29A126E5C72F00C644E5 /* DetailViewController.swift */,
			);
			path = Controller;
			sourceTree = "<group>";
		};
		2BAE29A326E5CA6800C644E5 /* View */ = {
			isa = PBXGroup;
			children = (
				2BAE299026E5C3CF00C644E5 /* Main.storyboard */,
				2BAE299526E5C3CF00C644E5 /* LaunchScreen.storyboard */,
				2BAE299826E5C3CF00C644E5 /* Info.plist */,
				2BAE299326E5C3CF00C644E5 /* Assets.xcassets */,
			);
			path = View;
			sourceTree = "<group>";
		};
		2BAE29A426E5CA9600C644E5 /* Model */ = {
			isa = PBXGroup;
			children = (
				2B87AC9826E6BEBA003F6B9A /* DataController.swift */,
				2B87AC9C26E6C6E9003F6B9A /* WeatherDataModel.xcdatamodeld */,
				2B87AC9A26E6C3C9003F6B9A /* CityWeatherResponse.swift */,
				2BAE29A526E5CAD300C644E5 /* Utility */,
				2BF6A40E26EEEAB700FB33C5 /* CityDataSource.swift */,
			);
			path = Model;
			sourceTree = "<group>";
		};
		2BAE29A526E5CAD300C644E5 /* Utility */ = {
			isa = PBXGroup;
			children = (
				2BAE29A626E5CAE600C644E5 /* Service.swift */,
			);
			path = Utility;
			sourceTree = "<group>";
		};
/* End PBXGroup section */

/* Begin PBXNativeTarget section */
		2BAE298626E5C3CF00C644E5 /* Weather Forecast */ = {
			isa = PBXNativeTarget;
			buildConfigurationList = 2BAE299B26E5C3CF00C644E5 /* Build configuration list for PBXNativeTarget "Weather Forecast" */;
			buildPhases = (
				2BAE298326E5C3CF00C644E5 /* Sources */,
				2BAE298426E5C3CF00C644E5 /* Frameworks */,
				2BAE298526E5C3CF00C644E5 /* Resources */,
			);
			buildRules = (
			);
			dependencies = (
			);
			name = "Weather Forecast";
			productName = "Weather Forecast";
			productReference = 2BAE298726E5C3CF00C644E5 /* Weather Forecast.app */;
			productType = "com.apple.product-type.application";
		};
/* End PBXNativeTarget section */

/* Begin PBXProject section */
		2BAE297F26E5C3CF00C644E5 /* Project object */ = {
			isa = PBXProject;
			attributes = {
				LastSwiftUpdateCheck = 1250;
				LastUpgradeCheck = 1250;
				TargetAttributes = {
					2BAE298626E5C3CF00C644E5 = {
						CreatedOnToolsVersion = 12.5.1;
					};
				};
			};
			buildConfigurationList = 2BAE298226E5C3CF00C644E5 /* Build configuration list for PBXProject "Weather Forecast" */;
			compatibilityVersion = "Xcode 9.3";
			developmentRegion = en;
			hasScannedForEncodings = 0;
			knownRegions = (
				en,
				Base,
			);
			mainGroup = 2BAE297E26E5C3CF00C644E5;
			productRefGroup = 2BAE298826E5C3CF00C644E5 /* Products */;
			projectDirPath = "";
			projectRoot = "";
			targets = (
				2BAE298626E5C3CF00C644E5 /* Weather Forecast */,
			);
		};
/* End PBXProject section */

/* Begin PBXResourcesBuildPhase section */
		2BAE298526E5C3CF00C644E5 /* Resources */ = {
			isa = PBXResourcesBuildPhase;
			buildActionMask = 2147483647;
			files = (
				2BAE299726E5C3CF00C644E5 /* LaunchScreen.storyboard in Resources */,
				2BAE299426E5C3CF00C644E5 /* Assets.xcassets in Resources */,
				2BAE299226E5C3CF00C644E5 /* Main.storyboard in Resources */,
			);
			runOnlyForDeploymentPostprocessing = 0;
		};
/* End PBXResourcesBuildPhase section */

/* Begin PBXSourcesBuildPhase section */
		2BAE298326E5C3CF00C644E5 /* Sources */ = {
			isa = PBXSourcesBuildPhase;
			buildActionMask = 2147483647;
			files = (
				2B87AC9926E6BEBA003F6B9A /* DataController.swift in Sources */,
				2BAE298F26E5C3CF00C644E5 /* InitialViewController.swift in Sources */,
				2BAE298B26E5C3CF00C644E5 /* AppDelegate.swift in Sources */,
				2BF6A40F26EEEAB700FB33C5 /* CityDataSource.swift in Sources */,
				2B87AC9E26E6C6E9003F6B9A /* WeatherDataModel.xcdatamodeld in Sources */,
				2BAE29A226E5C72F00C644E5 /* DetailViewController.swift in Sources */,
				2B87AC9B26E6C3C9003F6B9A /* CityWeatherResponse.swift in Sources */,
				2BAE29A026E5C6E500C644E5 /* SearchViewController.swift in Sources */,
				2BAE298D26E5C3CF00C644E5 /* SceneDelegate.swift in Sources */,
				2BAE29A726E5CAE600C644E5 /* Service.swift in Sources */,
			);
			runOnlyForDeploymentPostprocessing = 0;
		};
/* End PBXSourcesBuildPhase section */

/* Begin PBXVariantGroup section */
		2BAE299026E5C3CF00C644E5 /* Main.storyboard */ = {
			isa = PBXVariantGroup;
			children = (
				2BAE299126E5C3CF00C644E5 /* Base */,
			);
			name = Main.storyboard;
			sourceTree = "<group>";
		};
		2BAE299526E5C3CF00C644E5 /* LaunchScreen.storyboard */ = {
			isa = PBXVariantGroup;
			children = (
				2BAE299626E5C3CF00C644E5 /* Base */,
			);
			name = LaunchScreen.storyboard;
			sourceTree = "<group>";
		};
/* End PBXVariantGroup section */

/* Begin XCBuildConfiguration section */
		2BAE299926E5C3CF00C644E5 /* Debug */ = {
			isa = XCBuildConfiguration;
			buildSettings = {
				ALWAYS_SEARCH_USER_PATHS = NO;
				CLANG_ANALYZER_NONNULL = YES;
				CLANG_ANALYZER_NUMBER_OBJECT_CONVERSION = YES_AGGRESSIVE;
				CLANG_CXX_LANGUAGE_STANDARD = "gnu++14";
				CLANG_CXX_LIBRARY = "libc++";
				CLANG_ENABLE_MODULES = YES;
				CLANG_ENABLE_OBJC_ARC = YES;
				CLANG_ENABLE_OBJC_WEAK = YES;
				CLANG_WARN_BLOCK_CAPTURE_AUTORELEASING = YES;
				CLANG_WARN_BOOL_CONVERSION = YES;
				CLANG_WARN_COMMA = YES;
				CLANG_WARN_CONSTANT_CONVERSION = YES;
				CLANG_WARN_DEPRECATED_OBJC_IMPLEMENTATIONS = YES;
				CLANG_WARN_DIRECT_OBJC_ISA_USAGE = YES_ERROR;
				CLANG_WARN_DOCUMENTATION_COMMENTS = YES;
				CLANG_WARN_EMPTY_BODY = YES;
				CLANG_WARN_ENUM_CONVERSION = YES;
				CLANG_WARN_INFINITE_RECURSION = YES;
				CLANG_WARN_INT_CONVERSION = YES;
				CLANG_WARN_NON_LITERAL_NULL_CONVERSION = YES;
				CLANG_WARN_OBJC_IMPLICIT_RETAIN_SELF = YES;
				CLANG_WARN_OBJC_LITERAL_CONVERSION = YES;
				CLANG_WARN_OBJC_ROOT_CLASS = YES_ERROR;
				CLANG_WARN_QUOTED_INCLUDE_IN_FRAMEWORK_HEADER = YES;
				CLANG_WARN_RANGE_LOOP_ANALYSIS = YES;
				CLANG_WARN_STRICT_PROTOTYPES = YES;
				CLANG_WARN_SUSPICIOUS_MOVE = YES;
				CLANG_WARN_UNGUARDED_AVAILABILITY = YES_AGGRESSIVE;
				CLANG_WARN_UNREACHABLE_CODE = YES;
				CLANG_WARN__DUPLICATE_METHOD_MATCH = YES;
				COPY_PHASE_STRIP = NO;
				DEBUG_INFORMATION_FORMAT = dwarf;
				ENABLE_STRICT_OBJC_MSGSEND = YES;
				ENABLE_TESTABILITY = YES;
				GCC_C_LANGUAGE_STANDARD = gnu11;
				GCC_DYNAMIC_NO_PIC = NO;
				GCC_NO_COMMON_BLOCKS = YES;
				GCC_OPTIMIZATION_LEVEL = 0;
				GCC_PREPROCESSOR_DEFINITIONS = (
					"DEBUG=1",
					"$(inherited)",
				);
				GCC_WARN_64_TO_32_BIT_CONVERSION = YES;
				GCC_WARN_ABOUT_RETURN_TYPE = YES_ERROR;
				GCC_WARN_UNDECLARED_SELECTOR = YES;
				GCC_WARN_UNINITIALIZED_AUTOS = YES_AGGRESSIVE;
				GCC_WARN_UNUSED_FUNCTION = YES;
				GCC_WARN_UNUSED_VARIABLE = YES;
				IPHONEOS_DEPLOYMENT_TARGET = 14.5;
				MTL_ENABLE_DEBUG_INFO = INCLUDE_SOURCE;
				MTL_FAST_MATH = YES;
				ONLY_ACTIVE_ARCH = YES;
				SDKROOT = iphoneos;
				SWIFT_ACTIVE_COMPILATION_CONDITIONS = DEBUG;
				SWIFT_OPTIMIZATION_LEVEL = "-Onone";
			};
			name = Debug;
		};
		2BAE299A26E5C3CF00C644E5 /* Release */ = {
			isa = XCBuildConfiguration;
			buildSettings = {
				ALWAYS_SEARCH_USER_PATHS = NO;
				CLANG_ANALYZER_NONNULL = YES;
				CLANG_ANALYZER_NUMBER_OBJECT_CONVERSION = YES_AGGRESSIVE;
				CLANG_CXX_LANGUAGE_STANDARD = "gnu++14";
				CLANG_CXX_LIBRARY = "libc++";
				CLANG_ENABLE_MODULES = YES;
				CLANG_ENABLE_OBJC_ARC = YES;
				CLANG_ENABLE_OBJC_WEAK = YES;
				CLANG_WARN_BLOCK_CAPTURE_AUTORELEASING = YES;
				CLANG_WARN_BOOL_CONVERSION = YES;
				CLANG_WARN_COMMA = YES;
				CLANG_WARN_CONSTANT_CONVERSION = YES;
				CLANG_WARN_DEPRECATED_OBJC_IMPLEMENTATIONS = YES;
				CLANG_WARN_DIRECT_OBJC_ISA_USAGE = YES_ERROR;
				CLANG_WARN_DOCUMENTATION_COMMENTS = YES;
				CLANG_WARN_EMPTY_BODY = YES;
				CLANG_WARN_ENUM_CONVERSION = YES;
				CLANG_WARN_INFINITE_RECURSION = YES;
				CLANG_WARN_INT_CONVERSION = YES;
				CLANG_WARN_NON_LITERAL_NULL_CONVERSION = YES;
				CLANG_WARN_OBJC_IMPLICIT_RETAIN_SELF = YES;
				CLANG_WARN_OBJC_LITERAL_CONVERSION = YES;
				CLANG_WARN_OBJC_ROOT_CLASS = YES_ERROR;
				CLANG_WARN_QUOTED_INCLUDE_IN_FRAMEWORK_HEADER = YES;
				CLANG_WARN_RANGE_LOOP_ANALYSIS = YES;
				CLANG_WARN_STRICT_PROTOTYPES = YES;
				CLANG_WARN_SUSPICIOUS_MOVE = YES;
				CLANG_WARN_UNGUARDED_AVAILABILITY = YES_AGGRESSIVE;
				CLANG_WARN_UNREACHABLE_CODE = YES;
				CLANG_WARN__DUPLICATE_METHOD_MATCH = YES;
				COPY_PHASE_STRIP = NO;
				DEBUG_INFORMATION_FORMAT = "dwarf-with-dsym";
				ENABLE_NS_ASSERTIONS = NO;
				ENABLE_STRICT_OBJC_MSGSEND = YES;
				GCC_C_LANGUAGE_STANDARD = gnu11;
				GCC_NO_COMMON_BLOCKS = YES;
				GCC_WARN_64_TO_32_BIT_CONVERSION = YES;
				GCC_WARN_ABOUT_RETURN_TYPE = YES_ERROR;
				GCC_WARN_UNDECLARED_SELECTOR = YES;
				GCC_WARN_UNINITIALIZED_AUTOS = YES_AGGRESSIVE;
				GCC_WARN_UNUSED_FUNCTION = YES;
				GCC_WARN_UNUSED_VARIABLE = YES;
				IPHONEOS_DEPLOYMENT_TARGET = 14.5;
				MTL_ENABLE_DEBUG_INFO = NO;
				MTL_FAST_MATH = YES;
				SDKROOT = iphoneos;
				SWIFT_COMPILATION_MODE = wholemodule;
				SWIFT_OPTIMIZATION_LEVEL = "-O";
				VALIDATE_PRODUCT = YES;
			};
			name = Release;
		};
		2BAE299C26E5C3CF00C644E5 /* Debug */ = {
			isa = XCBuildConfiguration;
			buildSettings = {
				ASSETCATALOG_COMPILER_APPICON_NAME = AppIcon;
				ASSETCATALOG_COMPILER_GLOBAL_ACCENT_COLOR_NAME = AccentColor;
				CODE_SIGN_STYLE = Automatic;
				DEVELOPMENT_TEAM = 45U4TPHVMG;
				INFOPLIST_FILE = "$(SRCROOT)/Weather Forecast/View/Info.plist";
				LD_RUNPATH_SEARCH_PATHS = (
					"$(inherited)",
					"@executable_path/Frameworks",
				);
				PRODUCT_BUNDLE_IDENTIFIER = "Test.Weather-Forecast";
				PRODUCT_NAME = "$(TARGET_NAME)";
				SWIFT_VERSION = 5.0;
				TARGETED_DEVICE_FAMILY = "1,2";
			};
			name = Debug;
		};
		2BAE299D26E5C3CF00C644E5 /* Release */ = {
			isa = XCBuildConfiguration;
			buildSettings = {
				ASSETCATALOG_COMPILER_APPICON_NAME = AppIcon;
				ASSETCATALOG_COMPILER_GLOBAL_ACCENT_COLOR_NAME = AccentColor;
				CODE_SIGN_STYLE = Automatic;
				DEVELOPMENT_TEAM = 45U4TPHVMG;
				INFOPLIST_FILE = "$(SRCROOT)/Weather Forecast/View/Info.plist";
				LD_RUNPATH_SEARCH_PATHS = (
					"$(inherited)",
					"@executable_path/Frameworks",
				);
				PRODUCT_BUNDLE_IDENTIFIER = "Test.Weather-Forecast";
				PRODUCT_NAME = "$(TARGET_NAME)";
				SWIFT_VERSION = 5.0;
				TARGETED_DEVICE_FAMILY = "1,2";
			};
			name = Release;
		};
/* End XCBuildConfiguration section */

/* Begin XCConfigurationList section */
		2BAE298226E5C3CF00C644E5 /* Build configuration list for PBXProject "Weather Forecast" */ = {
			isa = XCConfigurationList;
			buildConfigurations = (
				2BAE299926E5C3CF00C644E5 /* Debug */,
				2BAE299A26E5C3CF00C644E5 /* Release */,
			);
			defaultConfigurationIsVisible = 0;
			defaultConfigurationName = Release;
		};
		2BAE299B26E5C3CF00C644E5 /* Build configuration list for PBXNativeTarget "Weather Forecast" */ = {
			isa = XCConfigurationList;
			buildConfigurations = (
				2BAE299C26E5C3CF00C644E5 /* Debug */,
				2BAE299D26E5C3CF00C644E5 /* Release */,
			);
			defaultConfigurationIsVisible = 0;
			defaultConfigurationName = Release;
		};
/* End XCConfigurationList section */

/* Begin XCVersionGroup section */
		2B87AC9C26E6C6E9003F6B9A /* WeatherDataModel.xcdatamodeld */ = {
			isa = XCVersionGroup;
			children = (
				2B87AC9D26E6C6E9003F6B9A /* WeatherDataModel.xcdatamodel */,
			);
			currentVersion = 2B87AC9D26E6C6E9003F6B9A /* WeatherDataModel.xcdatamodel */;
			path = WeatherDataModel.xcdatamodeld;
			sourceTree = "<group>";
			versionGroupType = wrapper.xcdatamodel;
		};
/* End XCVersionGroup section */
	};
	rootObject = 2BAE297F26E5C3CF00C644E5 /* Project object */;
}
